// !$*UTF8*$!
{
	archiveVersion = 1;
	classes = {
	};
	objectVersion = 46;
	objects = {

/* Begin PBXBuildFile section */
		870527D21A0974FE00AB165D /* main.m in Sources */ = {isa = PBXBuildFile; fileRef = 870527D11A0974FE00AB165D /* main.m */; };
		870527D51A0974FE00AB165D /* AppDelegate.m in Sources */ = {isa = PBXBuildFile; fileRef = 870527D41A0974FE00AB165D /* AppDelegate.m */; };
		870527D81A0974FE00AB165D /* FirstViewController.m in Sources */ = {isa = PBXBuildFile; fileRef = 870527D71A0974FE00AB165D /* FirstViewController.m */; };
		870527DB1A0974FE00AB165D /* SecondViewController.m in Sources */ = {isa = PBXBuildFile; fileRef = 870527DA1A0974FE00AB165D /* SecondViewController.m */; };
		870527DE1A0974FE00AB165D /* Main.storyboard in Resources */ = {isa = PBXBuildFile; fileRef = 870527DC1A0974FE00AB165D /* Main.storyboard */; };
		870527E01A0974FE00AB165D /* Images.xcassets in Resources */ = {isa = PBXBuildFile; fileRef = 870527DF1A0974FE00AB165D /* Images.xcassets */; };
		870527E31A0974FE00AB165D /* LaunchScreen.xib in Resources */ = {isa = PBXBuildFile; fileRef = 870527E11A0974FE00AB165D /* LaunchScreen.xib */; };
		870527EF1A0974FE00AB165D /* TabbarTests.m in Sources */ = {isa = PBXBuildFile; fileRef = 870527EE1A0974FE00AB165D /* TabbarTests.m */; };
/* End PBXBuildFile section */

/* Begin PBXContainerItemProxy section */
		870527E91A0974FE00AB165D /* PBXContainerItemProxy */ = {
			isa = PBXContainerItemProxy;
			containerPortal = 870527C41A0974FE00AB165D /* Project object */;
			proxyType = 1;
			remoteGlobalIDString = 870527CB1A0974FE00AB165D;
			remoteInfo = Tabbar;
		};
/* End PBXContainerItemProxy section */

/* Begin PBXFileReference section */
		870527CC1A0974FE00AB165D /* Tabbar.app */ = {isa = PBXFileReference; explicitFileType = wrapper.application; includeInIndex = 0; path = Tabbar.app; sourceTree = BUILT_PRODUCTS_DIR; };
		870527D01A0974FE00AB165D /* Info.plist */ = {isa = PBXFileReference; lastKnownFileType = text.plist.xml; path = Info.plist; sourceTree = "<group>"; };
		870527D11A0974FE00AB165D /* main.m */ = {isa = PBXFileReference; lastKnownFileType = sourcecode.c.objc; path = main.m; sourceTree = "<group>"; };
		870527D31A0974FE00AB165D /* AppDelegate.h */ = {isa = PBXFileReference; lastKnownFileType = sourcecode.c.h; path = AppDelegate.h; sourceTree = "<group>"; };
		870527D41A0974FE00AB165D /* AppDelegate.m */ = {isa = PBXFileReference; lastKnownFileType = sourcecode.c.objc; path = AppDelegate.m; sourceTree = "<group>"; };
		870527D61A0974FE00AB165D /* FirstViewController.h */ = {isa = PBXFileReference; lastKnownFileType = sourcecode.c.h; path = FirstViewController.h; sourceTree = "<group>"; };
		870527D71A0974FE00AB165D /* FirstViewController.m */ = {isa = PBXFileReference; lastKnownFileType = sourcecode.c.objc; path = FirstViewController.m; sourceTree = "<group>"; };
		870527D91A0974FE00AB165D /* SecondViewController.h */ = {isa = PBXFileReference; lastKnownFileType = sourcecode.c.h; path = SecondViewController.h; sourceTree = "<group>"; };
		870527DA1A0974FE00AB165D /* SecondViewController.m */ = {isa = PBXFileReference; lastKnownFileType = sourcecode.c.objc; path = SecondViewController.m; sourceTree = "<group>"; };
		870527DD1A0974FE00AB165D /* Base */ = {isa = PBXFileReference; lastKnownFileType = file.storyboard; name = Base; path = Base.lproj/Main.storyboard; sourceTree = "<group>"; };
		870527DF1A0974FE00AB165D /* Images.xcassets */ = {isa = PBXFileReference; lastKnownFileType = folder.assetcatalog; path = Images.xcassets; sourceTree = "<group>"; };
		870527E21A0974FE00AB165D /* Base */ = {isa = PBXFileReference; lastKnownFileType = file.xib; name = Base; path = Base.lproj/LaunchScreen.xib; sourceTree = "<group>"; };
		870527E81A0974FE00AB165D /* TabbarTests.xctest */ = {isa = PBXFileReference; explicitFileType = wrapper.cfbundle; includeInIndex = 0; path = TabbarTests.xctest; sourceTree = BUILT_PRODUCTS_DIR; };
		870527ED1A0974FE00AB165D /* Info.plist */ = {isa = PBXFileReference; lastKnownFileType = text.plist.xml; path = Info.plist; sourceTree = "<group>"; };
		870527EE1A0974FE00AB165D /* TabbarTests.m */ = {isa = PBXFileReference; lastKnownFileType = sourcecode.c.objc; path = TabbarTests.m; sourceTree = "<group>"; };
/* End PBXFileReference section */

/* Begin PBXFrameworksBuildPhase section */
		870527C91A0974FE00AB165D /* Frameworks */ = {
			isa = PBXFrameworksBuildPhase;
			buildActionMask = 2147483647;
			files = (
			);
			runOnlyForDeploymentPostprocessing = 0;
		};
		870527E51A0974FE00AB165D /* Frameworks */ = {
			isa = PBXFrameworksBuildPhase;
			buildActionMask = 2147483647;
			files = (
			);
			runOnlyForDeploymentPostprocessing = 0;
		};
/* End PBXFrameworksBuildPhase section */

/* Begin PBXGroup section */
		870527C31A0974FE00AB165D = {
			isa = PBXGroup;
			children = (
				870527CE1A0974FE00AB165D /* Tabbar */,
				870527EB1A0974FE00AB165D /* TabbarTests */,
				870527CD1A0974FE00AB165D /* Products */,
			);
			sourceTree = "<group>";
		};
		870527CD1A0974FE00AB165D /* Products */ = {
			isa = PBXGroup;
			children = (
				870527CC1A0974FE00AB165D /* Tabbar.app */,
				870527E81A0974FE00AB165D /* TabbarTests.xctest */,
			);
			name = Products;
			sourceTree = "<group>";
		};
		870527CE1A0974FE00AB165D /* Tabbar */ = {
			isa = PBXGroup;
			children = (
				870527D31A0974FE00AB165D /* AppDelegate.h */,
				870527D41A0974FE00AB165D /* AppDelegate.m */,
				870527D61A0974FE00AB165D /* FirstViewController.h */,
				870527D71A0974FE00AB165D /* FirstViewController.m */,
				870527D91A0974FE00AB165D /* SecondViewController.h */,
				870527DA1A0974FE00AB165D /* SecondViewController.m */,
				870527DC1A0974FE00AB165D /* Main.storyboard */,
				870527DF1A0974FE00AB165D /* Images.xcassets */,
				870527E11A0974FE00AB165D /* LaunchScreen.xib */,
				870527CF1A0974FE00AB165D /* Supporting Files */,
			);
			path = Tabbar;
			sourceTree = "<group>";
		};
		870527CF1A0974FE00AB165D /* Supporting Files */ = {
			isa = PBXGroup;
			children = (
				870527D01A0974FE00AB165D /* Info.plist */,
				870527D11A0974FE00AB165D /* main.m */,
			);
			name = "Supporting Files";
			sourceTree = "<group>";
		};
		870527EB1A0974FE00AB165D /* TabbarTests */ = {
			isa = PBXGroup;
			children = (
				870527EE1A0974FE00AB165D /* TabbarTests.m */,
				870527EC1A0974FE00AB165D /* Supporting Files */,
			);
			path = TabbarTests;
			sourceTree = "<group>";
		};
		870527EC1A0974FE00AB165D /* Supporting Files */ = {
			isa = PBXGroup;
			children = (
				870527ED1A0974FE00AB165D /* Info.plist */,
			);
			name = "Supporting Files";
			sourceTree = "<group>";
		};
/* End PBXGroup section */

/* Begin PBXNativeTarget section */
		870527CB1A0974FE00AB165D /* Tabbar */ = {
			isa = PBXNativeTarget;
			buildConfigurationList = 870527F21A0974FE00AB165D /* Build configuration list for PBXNativeTarget "Tabbar" */;
			buildPhases = (
				870527C81A0974FE00AB165D /* Sources */,
				870527C91A0974FE00AB165D /* Frameworks */,
				870527CA1A0974FE00AB165D /* Resources */,
			);
			buildRules = (
			);
			dependencies = (
			);
			name = Tabbar;
			productName = Tabbar;
			productReference = 870527CC1A0974FE00AB165D /* Tabbar.app */;
			productType = "com.apple.product-type.application";
		};
		870527E71A0974FE00AB165D /* TabbarTests */ = {
			isa = PBXNativeTarget;
			buildConfigurationList = 870527F51A0974FE00AB165D /* Build configuration list for PBXNativeTarget "TabbarTests" */;
			buildPhases = (
				870527E41A0974FE00AB165D /* Sources */,
				870527E51A0974FE00AB165D /* Frameworks */,
				870527E61A0974FE00AB165D /* Resources */,
			);
			buildRules = (
			);
			dependencies = (
				870527EA1A0974FE00AB165D /* PBXTargetDependency */,
			);
			name = TabbarTests;
			productName = TabbarTests;
			productReference = 870527E81A0974FE00AB165D /* TabbarTests.xctest */;
			productType = "com.apple.product-type.bundle.unit-test";
		};
/* End PBXNativeTarget section */

/* Begin PBXProject section */
		870527C41A0974FE00AB165D /* Project object */ = {
			isa = PBXProject;
			attributes = {
				LastUpgradeCheck = 0610;
				ORGANIZATIONNAME = ZD;
				TargetAttributes = {
					870527CB1A0974FE00AB165D = {
						CreatedOnToolsVersion = 6.1;
					};
					870527E71A0974FE00AB165D = {
						CreatedOnToolsVersion = 6.1;
						TestTargetID = 870527CB1A0974FE00AB165D;
					};
				};
			};
			buildConfigurationList = 870527C71A0974FE00AB165D /* Build configuration list for PBXProject "Tabbar" */;
			compatibilityVersion = "Xcode 3.2";
			developmentRegion = English;
			hasScannedForEncodings = 0;
			knownRegions = (
				en,
				Base,
			);
			mainGroup = 870527C31A0974FE00AB165D;
			productRefGroup = 870527CD1A0974FE00AB165D /* Products */;
			projectDirPath = "";
			projectRoot = "";
			targets = (
				870527CB1A0974FE00AB165D /* Tabbar */,
				870527E71A0974FE00AB165D /* TabbarTests */,
			);
		};
/* End PBXProject section */

/* Begin PBXResourcesBuildPhase section */
		870527CA1A0974FE00AB165D /* Resources */ = {
			isa = PBXResourcesBuildPhase;
			buildActionMask = 2147483647;
			files = (
				870527DE1A0974FE00AB165D /* Main.storyboard in Resources */,
				870527E31A0974FE00AB165D /* LaunchScreen.xib in Resources */,
				870527E01A0974FE00AB165D /* Images.xcassets in Resources */,
			);
			runOnlyForDeploymentPostprocessing = 0;
		};
		870527E61A0974FE00AB165D /* Resources */ = {
			isa = PBXResourcesBuildPhase;
			buildActionMask = 2147483647;
			files = (
			);
			runOnlyForDeploymentPostprocessing = 0;
		};
/* End PBXResourcesBuildPhase section */

/* Begin PBXSourcesBuildPhase section */
		870527C81A0974FE00AB165D /* Sources */ = {
			isa = PBXSourcesBuildPhase;
			buildActionMask = 2147483647;
			files = (
				870527DB1A0974FE00AB165D /* SecondViewController.m in Sources */,
				870527D51A0974FE00AB165D /* AppDelegate.m in Sources */,
				870527D81A0974FE00AB165D /* FirstViewController.m in Sources */,
				870527D21A0974FE00AB165D /* main.m in Sources */,
			);
			runOnlyForDeploymentPostprocessing = 0;
		};
		870527E41A0974FE00AB165D /* Sources */ = {
			isa = PBXSourcesBuildPhase;
			buildActionMask = 2147483647;
			files = (
				870527EF1A0974FE00AB165D /* TabbarTests.m in Sources */,
			);
			runOnlyForDeploymentPostprocessing = 0;
		};
/* End PBXSourcesBuildPhase section */

/* Begin PBXTargetDependency section */
		870527EA1A0974FE00AB165D /* PBXTargetDependency */ = {
			isa = PBXTargetDependency;
			target = 870527CB1A0974FE00AB165D /* Tabbar */;
			targetProxy = 870527E91A0974FE00AB165D /* PBXContainerItemProxy */;
		};
/* End PBXTargetDependency section */

/* Begin PBXVariantGroup section */
		870527DC1A0974FE00AB165D /* Main.storyboard */ = {
			isa = PBXVariantGroup;
			children = (
				870527DD1A0974FE00AB165D /* Base */,
			);
			name = Main.storyboard;
			sourceTree = "<group>";
		};
		870527E11A0974FE00AB165D /* LaunchScreen.xib */ = {
			isa = PBXVariantGroup;
			children = (
				870527E21A0974FE00AB165D /* Base */,
			);
			name = LaunchScreen.xib;
			sourceTree = "<group>";
		};
/* End PBXVariantGroup section */

/* Begin XCBuildConfiguration section */
		870527F01A0974FE00AB165D /* Debug */ = {
			isa = XCBuildConfiguration;
			buildSettings = {
				ALWAYS_SEARCH_USER_PATHS = NO;
				CLANG_CXX_LANGUAGE_STANDARD = "gnu++0x";
				CLANG_CXX_LIBRARY = "libc++";
				CLANG_ENABLE_MODULES = YES;
				CLANG_ENABLE_OBJC_ARC = YES;
				CLANG_WARN_BOOL_CONVERSION = YES;
				CLANG_WARN_CONSTANT_CONVERSION = YES;
				CLANG_WARN_DIRECT_OBJC_ISA_USAGE = YES_ERROR;
				CLANG_WARN_EMPTY_BODY = YES;
				CLANG_WARN_ENUM_CONVERSION = YES;
				CLANG_WARN_INT_CONVERSION = YES;
				CLANG_WARN_OBJC_ROOT_CLASS = YES_ERROR;
				CLANG_WARN_UNREACHABLE_CODE = YES;
				CLANG_WARN__DUPLICATE_METHOD_MATCH = YES;
				"CODE_SIGN_IDENTITY[sdk=iphoneos*]" = "iPhone Developer";
				COPY_PHASE_STRIP = NO;
				ENABLE_STRICT_OBJC_MSGSEND = YES;
				GCC_C_LANGUAGE_STANDARD = gnu99;
				GCC_DYNAMIC_NO_PIC = NO;
				GCC_OPTIMIZATION_LEVEL = 0;
				GCC_PREPROCESSOR_DEFINITIONS = (
					"DEBUG=1",
					"$(inherited)",
				);
				GCC_SYMBOLS_PRIVATE_EXTERN = NO;
				GCC_WARN_64_TO_32_BIT_CONVERSION = YES;
				GCC_WARN_ABOUT_RETURN_TYPE = YES_ERROR;
				GCC_WARN_UNDECLARED_SELECTOR = YES;
				GCC_WARN_UNINITIALIZED_AUTOS = YES_AGGRESSIVE;
				GCC_WARN_UNUSED_FUNCTION = YES;
				GCC_WARN_UNUSED_VARIABLE = YES;
				IPHONEOS_DEPLOYMENT_TARGET = 8.1;
				MTL_ENABLE_DEBUG_INFO = YES;
				ONLY_ACTIVE_ARCH = YES;
				SDKROOT = iphoneos;
			};
			name = Debug;
		};
		870527F11A0974FE00AB165D /* Release */ = {
			isa = XCBuildConfiguration;
			buildSettings = {
				ALWAYS_SEARCH_USER_PATHS = NO;
				CLANG_CXX_LANGUAGE_STANDARD = "gnu++0x";
				CLANG_CXX_LIBRARY = "libc++";
				CLANG_ENABLE_MODULES = YES;
				CLANG_ENABLE_OBJC_ARC = YES;
				CLANG_WARN_BOOL_CONVERSION = YES;
				CLANG_WARN_CONSTANT_CONVERSION = YES;
				CLANG_WARN_DIRECT_OBJC_ISA_USAGE = YES_ERROR;
				CLANG_WARN_EMPTY_BODY = YES;
				CLANG_WARN_ENUM_CONVERSION = YES;
				CLANG_WARN_INT_CONVERSION = YES;
				CLANG_WARN_OBJC_ROOT_CLASS = YES_ERROR;
				CLANG_WARN_UNREACHABLE_CODE = YES;
				CLANG_WARN__DUPLICATE_METHOD_MATCH = YES;
				"CODE_SIGN_IDENTITY[sdk=iphoneos*]" = "iPhone Developer";
				COPY_PHASE_STRIP = YES;
				ENABLE_NS_ASSERTIONS = NO;
				ENABLE_STRICT_OBJC_MSGSEND = YES;
				GCC_C_LANGUAGE_STANDARD = gnu99;
				GCC_WARN_64_TO_32_BIT_CONVERSION = YES;
				GCC_WARN_ABOUT_RETURN_TYPE = YES_ERROR;
				GCC_WARN_UNDECLARED_SELECTOR = YES;
				GCC_WARN_UNINITIALIZED_AUTOS = YES_AGGRESSIVE;
				GCC_WARN_UNUSED_FUNCTION = YES;
				GCC_WARN_UNUSED_VARIABLE = YES;
				IPHONEOS_DEPLOYMENT_TARGET = 8.1;
				MTL_ENABLE_DEBUG_INFO = NO;
				SDKROOT = iphoneos;
				VALIDATE_PRODUCT = YES;
			};
			name = Release;
		};
		870527F31A0974FE00AB165D /* Debug */ = {
			isa = XCBuildConfiguration;
			buildSettings = {
				ASSETCATALOG_COMPILER_APPICON_NAME = AppIcon;
				INFOPLIST_FILE = Tabbar/Info.plist;
				LD_RUNPATH_SEARCH_PATHS = "$(inherited) @executable_path/Frameworks";
				PRODUCT_NAME = "$(TARGET_NAME)";
			};
			name = Debug;
		};
		870527F41A0974FE00AB165D /* Release */ = {
			isa = XCBuildConfiguration;
			buildSettings = {
				ASSETCATALOG_COMPILER_APPICON_NAME = AppIcon;
				INFOPLIST_FILE = Tabbar/Info.plist;
				LD_RUNPATH_SEARCH_PATHS = "$(inherited) @executable_path/Frameworks";
				PRODUCT_NAME = "$(TARGET_NAME)";
			};
			name = Release;
		};
		870527F61A0974FE00AB165D /* Debug */ = {
			isa = XCBuildConfiguration;
			buildSettings = {
				BUNDLE_LOADER = "$(TEST_HOST)";
				FRAMEWORK_SEARCH_PATHS = (
					"$(SDKROOT)/Developer/Library/Frameworks",
					"$(inherited)",
				);
				GCC_PREPROCESSOR_DEFINITIONS = (
					"DEBUG=1",
					"$(inherited)",
				);
				INFOPLIST_FILE = TabbarTests/Info.plist;
				LD_RUNPATH_SEARCH_PATHS = "$(inherited) @executable_path/Frameworks @loader_path/Frameworks";
				PRODUCT_NAME = "$(TARGET_NAME)";
				TEST_HOST = "$(BUILT_PRODUCTS_DIR)/Tabbar.app/Tabbar";
			};
			name = Debug;
		};
		870527F71A0974FE00AB165D /* Release */ = {
			isa = XCBuildConfiguration;
			buildSettings = {
				BUNDLE_LOADER = "$(TEST_HOST)";
				FRAMEWORK_SEARCH_PATHS = (
					"$(SDKROOT)/Developer/Library/Frameworks",
					"$(inherited)",
				);
				INFOPLIST_FILE = TabbarTests/Info.plist;
				LD_RUNPATH_SEARCH_PATHS = "$(inherited) @executable_path/Frameworks @loader_path/Frameworks";
				PRODUCT_NAME = "$(TARGET_NAME)";
				TEST_HOST = "$(BUILT_PRODUCTS_DIR)/Tabbar.app/Tabbar";
			};
			name = Release;
		};
/* End XCBuildConfiguration section */

/* Begin XCConfigurationList section */
		870527C71A0974FE00AB165D /* Build configuration list for PBXProject "Tabbar" */ = {
			isa = XCConfigurationList;
			buildConfigurations = (
				870527F01A0974FE00AB165D /* Debug */,
				870527F11A0974FE00AB165D /* Release */,
			);
			defaultConfigurationIsVisible = 0;
			defaultConfigurationName = Release;
		};
		870527F21A0974FE00AB165D /* Build configuration list for PBXNativeTarget "Tabbar" */ = {
			isa = XCConfigurationList;
			buildConfigurations = (
				870527F31A0974FE00AB165D /* Debug */,
				870527F41A0974FE00AB165D /* Release */,
			);
			defaultConfigurationIsVisible = 0;
		};
		870527F51A0974FE00AB165D /* Build configuration list for PBXNativeTarget "TabbarTests" */ = {
			isa = XCConfigurationList;
			buildConfigurations = (
				870527F61A0974FE00AB165D /* Debug */,
				870527F71A0974FE00AB165D /* Release */,
			);
			defaultConfigurationIsVisible = 0;
		};
/* End XCConfigurationList section */
	};
	rootObject = 870527C41A0974FE00AB165D /* Project object */;
}
